<?xml version="1.0" encoding="UTF-8"?>
<Scheme
   version = "1.3">
   <BuildAction>
      <BuildActionEntries>
         <BuildActionEntry
            buildForRunning = "YES">
            <BuildableReference
               BuildableIdentifier = "primary"
               BlueprintIdentifier = "646C5A6A1FA36E8200A53177"
               BuildableName = "LXModuleDemo.app"
               BlueprintName = "LXModuleDemo"
               ReferencedContainer = "container:LXModuleDemo.xcodeproj">
            </BuildableReference>
         </BuildActionEntry>
      </BuildActionEntries>
   </BuildAction>
   <LaunchAction
      useCustomWorkingDirectory = "NO"
      buildConfiguration = "Debug">
      <BuildableProductRunnable>
         <BuildableReference
            BuildableIdentifier = "primary"
            BlueprintIdentifier = "646C5A6A1FA36E8200A53177"
            BuildableName = "LXModuleDemo.app"
            BlueprintName = "LXModuleDemo"
            ReferencedContainer = "container:LXModuleDemo.xcodeproj">
         </BuildableReference>
      </BuildableProductRunnable>
   </LaunchAction>
</Scheme>
